
Microsoft Visual Studio Solution File, Format Version 12.00
# Visual Studio Version 17
VisualStudioVersion = 17.14.37216.2 d17.14
MinimumVisualStudioVersion = 10.0.40219.1
Project("{FAE04EC0-301F-11D3-BF4B-00C04F79EFBC}") = "Meuevento", "Meuevento.csproj", "{00984C93-0591-4B1F-AA45-8FCAE5577FAD}"
EndProject
Global
	GlobalSection(SolutionConfigurationPlatforms) = preSolution
		Debug|Any CPU = Debug|Any CPU
		Release|Any CPU = Release|Any CPU
	EndGlobalSection
	GlobalSection(ProjectConfigurationPlatforms) = postSolution
		{00984C93-0591-4B1F-AA45-8FCAE5577FAD}.Debug|Any CPU.ActiveCfg = Debug|Any CPU
		{00984C93-0591-4B1F-AA45-8FCAE5577FAD}.Debug|Any CPU.Build.0 = Debug|Any CPU
		{00984C93-0591-4B1F-AA45-8FCAE5577FAD}.Release|Any CPU.ActiveCfg = Release|Any CPU
		{00984C93-0591-4B1F-AA45-8FCAE5577FAD}.Release|Any CPU.Build.0 = Release|Any CPU
	EndGlobalSection
	GlobalSection(SolutionProperties) = preSolution
		HideSolutionNode = FALSE
	EndGlobalSection
	GlobalSection(ExtensibilityGlobals) = postSolution
		SolutionGuid = {20C7D89E-A065-4000-A369-C5F6E5088C37}
	EndGlobalSection
EndGlobal
